<Solution>
  <Folder Name="/src/">
    <Project Path="src/EngrCAD/EngrCAD.csproj" />
    <Project Path="src/EngrCAD.Core/EngrCAD.Core.csproj" />
    <Project Path="src/EngrCAD.Mesh/EngrCAD.Mesh.csproj" />
    <Project Path="src/EngrCAD.Implicit/EngrCAD.Implicit.csproj" />
    <Project Path="src/EngrCAD.BRep/EngrCAD.BRep.csproj" />
    <Project Path="src/EngrCAD.Interop/EngrCAD.Interop.csproj" />
    <Project Path="src/EngrCAD.Query/EngrCAD.Query.csproj" />
    <Project Path="src/EngrCAD.Modeling/EngrCAD.Modeling.csproj" />
    <Project Path="src/EngrCAD.Viewer.Core/EngrCAD.Viewer.Core.csproj" />
    <Project Path="src/EngrCAD.Viewer/EngrCAD.Viewer.csproj" />
    <Project Path="src/EngrCAD.Mcp/EngrCAD.Mcp.csproj" />
  </Folder>
  <Folder Name="/samples/">
    <Project Path="samples/EngrCAD.Demo/EngrCAD.Demo.csproj" />
    <Project Path="samples/EngrCAD.LiveDemo/EngrCAD.LiveDemo.csproj" />
  </Folder>
  <Folder Name="/tools/">
    <Project Path="tools/EngrCAD.DocsGen/EngrCAD.DocsGen.csproj" />
  </Folder>
  <Folder Name="/tests/">
    <Project Path="tests/EngrCAD.Core.Tests/EngrCAD.Core.Tests.csproj" />
    <Project Path="tests/EngrCAD.Mesh.Tests/EngrCAD.Mesh.Tests.csproj" />
    <Project Path="tests/EngrCAD.Implicit.Tests/EngrCAD.Implicit.Tests.csproj" />
    <Project Path="tests/EngrCAD.BRep.Tests/EngrCAD.BRep.Tests.csproj" />
    <Project Path="tests/EngrCAD.Interop.Tests/EngrCAD.Interop.Tests.csproj" />
    <Project Path="tests/EngrCAD.Query.Tests/EngrCAD.Query.Tests.csproj" />
    <Project Path="tests/EngrCAD.Modeling.Tests/EngrCAD.Modeling.Tests.csproj" />
    <Project Path="tests/EngrCAD.Viewer.Tests/EngrCAD.Viewer.Tests.csproj" />
    <Project Path="tests/EngrCAD.Mcp.Tests/EngrCAD.Mcp.Tests.csproj" />
    <Project Path="tests/EngrCAD.Mcp.TestModel/EngrCAD.Mcp.TestModel.csproj" />
  </Folder>
</Solution>
