
Microsoft Visual Studio Solution File, Format Version 12.00
# Visual Studio Version 16
VisualStudioVersion = 16.0.31911.196
MinimumVisualStudioVersion = 10.0.40219.1
Project("{9A19103F-16F7-4668-BE54-9A1E7A4F7556}") = "EngrCAD.Core", "EngrCAD.Core\EngrCAD.Core.csproj", "{E662AAA9-A2CE-4899-AC22-0EBFF93E80E5}"
EndProject
Project("{9A19103F-16F7-4668-BE54-9A1E7A4F7556}") = "EngrCAD.Client", "EngrCAD.Client\EngrCAD.Client.csproj", "{49454450-C427-40B3-A13E-90CFFA3D4161}"
EndProject
Global
	GlobalSection(SolutionConfigurationPlatforms) = preSolution
		Debug|Any CPU = Debug|Any CPU
		Release|Any CPU = Release|Any CPU
	EndGlobalSection
	GlobalSection(ProjectConfigurationPlatforms) = postSolution
		{E662AAA9-A2CE-4899-AC22-0EBFF93E80E5}.Debug|Any CPU.ActiveCfg = Debug|Any CPU
		{E662AAA9-A2CE-4899-AC22-0EBFF93E80E5}.Debug|Any CPU.Build.0 = Debug|Any CPU
		{E662AAA9-A2CE-4899-AC22-0EBFF93E80E5}.Release|Any CPU.ActiveCfg = Release|Any CPU
		{E662AAA9-A2CE-4899-AC22-0EBFF93E80E5}.Release|Any CPU.Build.0 = Release|Any CPU
		{49454450-C427-40B3-A13E-90CFFA3D4161}.Debug|Any CPU.ActiveCfg = Debug|Any CPU
		{49454450-C427-40B3-A13E-90CFFA3D4161}.Debug|Any CPU.Build.0 = Debug|Any CPU
		{49454450-C427-40B3-A13E-90CFFA3D4161}.Release|Any CPU.ActiveCfg = Release|Any CPU
		{49454450-C427-40B3-A13E-90CFFA3D4161}.Release|Any CPU.Build.0 = Release|Any CPU
	EndGlobalSection
	GlobalSection(SolutionProperties) = preSolution
		HideSolutionNode = FALSE
	EndGlobalSection
	GlobalSection(ExtensibilityGlobals) = postSolution
		SolutionGuid = {E68D0805-84A6-407A-BC9C-820E7D50DB90}
	EndGlobalSection
EndGlobal
