
Microsoft Visual Studio Solution File, Format Version 12.00
# Visual Studio Version 17
VisualStudioVersion = 17.0.31912.275
MinimumVisualStudioVersion = 10.0.40219.1
Project("{9A19103F-16F7-4668-BE54-9A1E7A4F7556}") = "EngrCAD.Core", "EngrCAD.Core\EngrCAD.Core.csproj", "{E662AAA9-A2CE-4899-AC22-0EBFF93E80E5}"
EndProject
Project("{9A19103F-16F7-4668-BE54-9A1E7A4F7556}") = "EngrCAD.Client", "EngrCAD.Client\EngrCAD.Client.csproj", "{49454450-C427-40B3-A13E-90CFFA3D4161}"
EndProject
Project("{8BC9CEB8-8B4A-11D0-8D11-00A0C91BC942}") = "EngrCAD.OCWrapper", "EngrCAD.OCWrapper\EngrCAD.OCWrapper.vcxproj", "{A1DD5E2F-9DC1-442F-A334-450D4DC0E17A}"
EndProject
Project("{9A19103F-16F7-4668-BE54-9A1E7A4F7556}") = "EngrCAD.Tests", "EngrCAD.Tests\EngrCAD.Tests.csproj", "{05AF21BC-FC1B-4367-9DCE-F83B85D8A8E2}"
EndProject
Project("{9A19103F-16F7-4668-BE54-9A1E7A4F7556}") = "EngrCAD.Examples", "EngrCAD.Examples\EngrCAD.Examples.csproj", "{5CF05C92-E937-4627-9B96-DA98EB9A128B}"
EndProject
Project("{9A19103F-16F7-4668-BE54-9A1E7A4F7556}") = "EngrCAD.Documentation", "EngrCAD.Documentation\EngrCAD.Documentation.csproj", "{EDD72366-A13E-44F4-8D37-FEE477E4BDE8}"
EndProject
Global
	GlobalSection(SolutionConfigurationPlatforms) = preSolution
		Debug|Any CPU = Debug|Any CPU
		Debug|x64 = Debug|x64
		Release|Any CPU = Release|Any CPU
		Release|x64 = Release|x64
	EndGlobalSection
	GlobalSection(ProjectConfigurationPlatforms) = postSolution
		{E662AAA9-A2CE-4899-AC22-0EBFF93E80E5}.Debug|Any CPU.ActiveCfg = Debug|x64
		{E662AAA9-A2CE-4899-AC22-0EBFF93E80E5}.Debug|Any CPU.Build.0 = Debug|x64
		{E662AAA9-A2CE-4899-AC22-0EBFF93E80E5}.Debug|x64.ActiveCfg = Debug|x64
		{E662AAA9-A2CE-4899-AC22-0EBFF93E80E5}.Debug|x64.Build.0 = Debug|x64
		{E662AAA9-A2CE-4899-AC22-0EBFF93E80E5}.Release|Any CPU.ActiveCfg = Release|x64
		{E662AAA9-A2CE-4899-AC22-0EBFF93E80E5}.Release|Any CPU.Build.0 = Release|x64
		{E662AAA9-A2CE-4899-AC22-0EBFF93E80E5}.Release|x64.ActiveCfg = Release|x64
		{49454450-C427-40B3-A13E-90CFFA3D4161}.Debug|Any CPU.ActiveCfg = Debug|x64
		{49454450-C427-40B3-A13E-90CFFA3D4161}.Debug|Any CPU.Build.0 = Debug|x64
		{49454450-C427-40B3-A13E-90CFFA3D4161}.Debug|x64.ActiveCfg = Debug|x64
		{49454450-C427-40B3-A13E-90CFFA3D4161}.Debug|x64.Build.0 = Debug|x64
		{49454450-C427-40B3-A13E-90CFFA3D4161}.Release|Any CPU.ActiveCfg = Release|x64
		{49454450-C427-40B3-A13E-90CFFA3D4161}.Release|Any CPU.Build.0 = Release|x64
		{49454450-C427-40B3-A13E-90CFFA3D4161}.Release|x64.ActiveCfg = Release|x64
		{A1DD5E2F-9DC1-442F-A334-450D4DC0E17A}.Debug|Any CPU.ActiveCfg = Debug|x64
		{A1DD5E2F-9DC1-442F-A334-450D4DC0E17A}.Debug|Any CPU.Build.0 = Debug|x64
		{A1DD5E2F-9DC1-442F-A334-450D4DC0E17A}.Debug|x64.ActiveCfg = Debug|x64
		{A1DD5E2F-9DC1-442F-A334-450D4DC0E17A}.Debug|x64.Build.0 = Debug|x64
		{A1DD5E2F-9DC1-442F-A334-450D4DC0E17A}.Release|Any CPU.ActiveCfg = Release|x64
		{A1DD5E2F-9DC1-442F-A334-450D4DC0E17A}.Release|Any CPU.Build.0 = Release|x64
		{A1DD5E2F-9DC1-442F-A334-450D4DC0E17A}.Release|x64.ActiveCfg = Release|x64
		{A1DD5E2F-9DC1-442F-A334-450D4DC0E17A}.Release|x64.Build.0 = Release|x64
		{05AF21BC-FC1B-4367-9DCE-F83B85D8A8E2}.Debug|Any CPU.ActiveCfg = Debug|Any CPU
		{05AF21BC-FC1B-4367-9DCE-F83B85D8A8E2}.Debug|Any CPU.Build.0 = Debug|Any CPU
		{05AF21BC-FC1B-4367-9DCE-F83B85D8A8E2}.Debug|x64.ActiveCfg = Debug|x64
		{05AF21BC-FC1B-4367-9DCE-F83B85D8A8E2}.Debug|x64.Build.0 = Debug|x64
		{05AF21BC-FC1B-4367-9DCE-F83B85D8A8E2}.Release|Any CPU.ActiveCfg = Release|Any CPU
		{05AF21BC-FC1B-4367-9DCE-F83B85D8A8E2}.Release|Any CPU.Build.0 = Release|Any CPU
		{05AF21BC-FC1B-4367-9DCE-F83B85D8A8E2}.Release|x64.ActiveCfg = Release|Any CPU
		{05AF21BC-FC1B-4367-9DCE-F83B85D8A8E2}.Release|x64.Build.0 = Release|Any CPU
		{5CF05C92-E937-4627-9B96-DA98EB9A128B}.Debug|Any CPU.ActiveCfg = Debug|Any CPU
		{5CF05C92-E937-4627-9B96-DA98EB9A128B}.Debug|Any CPU.Build.0 = Debug|Any CPU
		{5CF05C92-E937-4627-9B96-DA98EB9A128B}.Debug|x64.ActiveCfg = Debug|Any CPU
		{5CF05C92-E937-4627-9B96-DA98EB9A128B}.Debug|x64.Build.0 = Debug|Any CPU
		{5CF05C92-E937-4627-9B96-DA98EB9A128B}.Release|Any CPU.ActiveCfg = Release|Any CPU
		{5CF05C92-E937-4627-9B96-DA98EB9A128B}.Release|Any CPU.Build.0 = Release|Any CPU
		{5CF05C92-E937-4627-9B96-DA98EB9A128B}.Release|x64.ActiveCfg = Release|Any CPU
		{5CF05C92-E937-4627-9B96-DA98EB9A128B}.Release|x64.Build.0 = Release|Any CPU
		{EDD72366-A13E-44F4-8D37-FEE477E4BDE8}.Debug|Any CPU.ActiveCfg = Debug|Any CPU
		{EDD72366-A13E-44F4-8D37-FEE477E4BDE8}.Debug|Any CPU.Build.0 = Debug|Any CPU
		{EDD72366-A13E-44F4-8D37-FEE477E4BDE8}.Debug|x64.ActiveCfg = Debug|Any CPU
		{EDD72366-A13E-44F4-8D37-FEE477E4BDE8}.Debug|x64.Build.0 = Debug|Any CPU
		{EDD72366-A13E-44F4-8D37-FEE477E4BDE8}.Release|Any CPU.ActiveCfg = Release|Any CPU
		{EDD72366-A13E-44F4-8D37-FEE477E4BDE8}.Release|Any CPU.Build.0 = Release|Any CPU
		{EDD72366-A13E-44F4-8D37-FEE477E4BDE8}.Release|x64.ActiveCfg = Release|Any CPU
		{EDD72366-A13E-44F4-8D37-FEE477E4BDE8}.Release|x64.Build.0 = Release|Any CPU
	EndGlobalSection
	GlobalSection(SolutionProperties) = preSolution
		HideSolutionNode = FALSE
	EndGlobalSection
	GlobalSection(ExtensibilityGlobals) = postSolution
		SolutionGuid = {E68D0805-84A6-407A-BC9C-820E7D50DB90}
	EndGlobalSection
EndGlobal
